
Microsoft Visual Studio Solution File, Format Version 12.00
# Visual Studio Version 17
VisualStudioVersion = 17.14.36401.2 d17.14
MinimumVisualStudioVersion = 10.0.40219.1
Project("{FAE04EC0-301F-11D3-BF4B-00C04F79EFBC}") = "final", "final\final.csproj", "{31DFD65C-7808-4E1F-9F23-894ED20F02D4}"
EndProject
Global
	GlobalSection(SolutionConfigurationPlatforms) = preSolution
		Debug|Any CPU = Debug|Any CPU
		Release|Any CPU = Release|Any CPU
	EndGlobalSection
	GlobalSection(ProjectConfigurationPlatforms) = postSolution
		{31DFD65C-7808-4E1F-9F23-894ED20F02D4}.Debug|Any CPU.ActiveCfg = Debug|Any CPU
		{31DFD65C-7808-4E1F-9F23-894ED20F02D4}.Debug|Any CPU.Build.0 = Debug|Any CPU
		{31DFD65C-7808-4E1F-9F23-894ED20F02D4}.Release|Any CPU.ActiveCfg = Release|Any CPU
		{31DFD65C-7808-4E1F-9F23-894ED20F02D4}.Release|Any CPU.Build.0 = Release|Any CPU
	EndGlobalSection
	GlobalSection(SolutionProperties) = preSolution
		HideSolutionNode = FALSE
	EndGlobalSection
	GlobalSection(ExtensibilityGlobals) = postSolution
		SolutionGuid = {A9663611-A64F-4724-A150-21B0E7473534}
	EndGlobalSection
EndGlobal
